<?xml version="1.0" encoding="utf-8"?>
<Project ToolsVersion="4.0" xmlns="http://schemas.microsoft.com/developer/msbuild/2003">
  <ItemGroup>
    <Filter Include="源文件">
      <UniqueIdentifier>{4FC737F1-C7A5-4376-A066-2A32D752A2FF}</UniqueIdentifier>
      <Extensions>cpp;c;cc;cxx;def;odl;idl;hpj;bat;asm;asmx</Extensions>
    </Filter>
    <Filter Include="头文件">
      <UniqueIdentifier>{93995380-89BD-4b04-88EB-625FBE52EBFB}</UniqueIdentifier>
      <Extensions>h;hh;hpp;hxx;hm;inl;inc;xsd</Extensions>
    </Filter>
    <Filter Include="资源文件">
      <UniqueIdentifier>{67DA6AB6-F800-4c08-8B7A-83BB121AAD01}</UniqueIdentifier>
      <Extensions>rc;ico;cur;bmp;dlg;rc2;rct;bin;rgs;gif;jpg;jpeg;jpe;resx;tiff;tif;png;wav;mfcribbon-ms</Extensions>
    </Filter>
    <Filter Include="源文件\DrawCommads">
      <UniqueIdentifier>{fe33b696-31ea-481c-b0ed-6cea46faed21}</UniqueIdentifier>
    </Filter>
    <Filter Include="头文件\DrawCommands">
      <UniqueIdentifier>{baa85d8d-2ab8-40f8-97a9-d91e4891ec78}</UniqueIdentifier>
    </Filter>
    <Filter Include="源文件\Math">
      <UniqueIdentifier>{91450fc2-6aad-4bdd-bc8c-3dd15877ca6f}</UniqueIdentifier>
    </Filter>
    <Filter Include="头文件\Math">
      <UniqueIdentifier>{327a87be-0fd9-47ef-87a0-a3b60a3da0e5}</UniqueIdentifier>
    </Filter>
    <Filter Include="头文件\UeuosObject">
      <UniqueIdentifier>{ecac3d0a-bb0d-4d35-8126-23df7dea817c}</UniqueIdentifier>
    </Filter>
    <Filter Include="源文件\UeuosObject">
      <UniqueIdentifier>{29c36356-011d-4c5f-8303-77786e8b6826}</UniqueIdentifier>
    </Filter>
    <Filter Include="头文件\UeuosObject\Base">
      <UniqueIdentifier>{533a07b9-3fef-453e-bd91-1226423029a8}</UniqueIdentifier>
    </Filter>
    <Filter Include="源文件\UeuosObject\Base">
      <UniqueIdentifier>{f7659981-bb60-44f5-8bdf-9ea6c62daad0}</UniqueIdentifier>
    </Filter>
    <Filter Include="头文件\UeuosObject\SceneObject">
      <UniqueIdentifier>{46715882-c55b-422d-b1df-01bd758e3bcd}</UniqueIdentifier>
    </Filter>
    <Filter Include="源文件\UeuosObject\SceneObject">
      <UniqueIdentifier>{66c15e09-bc62-4f8d-9d3d-b103b5fdc881}</UniqueIdentifier>
    </Filter>
    <Filter Include="源文件\UeuosObject\SceneObject\BaseGeometry">
      <UniqueIdentifier>{4ff94a86-bb8c-4086-b5b3-35ef20f9f629}</UniqueIdentifier>
    </Filter>
    <Filter Include="头文件\UeuosObject\SceneObject\BaseGeometry">
      <UniqueIdentifier>{dbab71c5-e2d6-4f52-b353-7ba042b438a9}</UniqueIdentifier>
    </Filter>
    <Filter Include="头文件\Interfaces">
      <UniqueIdentifier>{688b4a50-5a01-4870-a758-a37b6048053a}</UniqueIdentifier>
    </Filter>
    <Filter Include="源文件\Iterfaces">
      <UniqueIdentifier>{efd20023-addb-49ae-ab55-28f3d6a71315}</UniqueIdentifier>
    </Filter>
  </ItemGroup>
  <ItemGroup>
    <Text Include="ReadMe.txt" />
  </ItemGroup>
  <ItemGroup>
    <ClInclude Include="stdafx.h">
      <Filter>头文件</Filter>
    </ClInclude>
    <ClInclude Include="targetver.h">
      <Filter>头文件</Filter>
    </ClInclude>
    <ClInclude Include="Math\Vector2.h">
      <Filter>头文件\Math</Filter>
    </ClInclude>
    <ClInclude Include="DrawCommand\AbstractDrawCommand.h">
      <Filter>头文件\DrawCommands</Filter>
    </ClInclude>
    <ClInclude Include="DrawCommand\QuadCommand.h">
      <Filter>头文件\DrawCommands</Filter>
    </ClInclude>
    <ClInclude Include="DrawCommand\TriangeCommand.h">
      <Filter>头文件\DrawCommands</Filter>
    </ClInclude>
    <ClInclude Include="Math\Vector3.h">
      <Filter>头文件\Math</Filter>
    </ClInclude>
    <ClInclude Include="Math\Matrix.h">
      <Filter>头文件\Math</Filter>
    </ClInclude>
    <ClInclude Include="Math\Transform.h">
      <Filter>头文件\Math</Filter>
    </ClInclude>
    <ClInclude Include="Math\Quaternion.h">
      <Filter>头文件\Math</Filter>
    </ClInclude>
    <ClInclude Include="Math\MathMacro.h">
      <Filter>头文件\Math</Filter>
    </ClInclude>
    <ClInclude Include="Math\TypeRedef.h">
      <Filter>头文件\Math</Filter>
    </ClInclude>
    <ClInclude Include="UeuosObject\Base\UeuosObject.h">
      <Filter>头文件\UeuosObject\Base</Filter>
    </ClInclude>
    <ClInclude Include="UeuosObject\SceneObject\Camera.h">
      <Filter>头文件\UeuosObject\SceneObject</Filter>
    </ClInclude>
    <ClInclude Include="UeuosObject\SceneObject\BaseGeometry\Cube.h">
      <Filter>头文件\UeuosObject\SceneObject\BaseGeometry</Filter>
    </ClInclude>
    <ClInclude Include="Iterfaces\IVertexInterface.h">
      <Filter>头文件\Interfaces</Filter>
    </ClInclude>
    <ClInclude Include="Math\UMath.h">
      <Filter>头文件\Math</Filter>
    </ClInclude>
  </ItemGroup>
  <ItemGroup>
    <ClCompile Include="stdafx.cpp">
      <Filter>源文件</Filter>
    </ClCompile>
    <ClCompile Include="GGGL.cpp">
      <Filter>源文件</Filter>
    </ClCompile>
    <ClCompile Include="Math\Vector2.cpp">
      <Filter>源文件\Math</Filter>
    </ClCompile>
    <ClCompile Include="DrawCommand\QuadCommand.cpp">
      <Filter>源文件\DrawCommads</Filter>
    </ClCompile>
    <ClCompile Include="DrawCommand\TriangeCommand.cpp">
      <Filter>源文件\DrawCommads</Filter>
    </ClCompile>
    <ClCompile Include="Math\Vector3.cpp">
      <Filter>源文件\Math</Filter>
    </ClCompile>
    <ClCompile Include="Math\Matrix.cpp">
      <Filter>源文件\Math</Filter>
    </ClCompile>
    <ClCompile Include="Math\Transform.cpp">
      <Filter>源文件\Math</Filter>
    </ClCompile>
    <ClCompile Include="Math\Quaternion.cpp">
      <Filter>源文件\Math</Filter>
    </ClCompile>
    <ClCompile Include="UeuosObject\Base\UeuosObject.cpp">
      <Filter>源文件\UeuosObject\Base</Filter>
    </ClCompile>
    <ClCompile Include="UeuosObject\SceneObject\Camera.cpp">
      <Filter>源文件\UeuosObject\SceneObject</Filter>
    </ClCompile>
    <ClCompile Include="UeuosObject\SceneObject\BaseGeometry\Cube.cpp">
      <Filter>源文件\UeuosObject\SceneObject\BaseGeometry</Filter>
    </ClCompile>
  </ItemGroup>
</Project>